
Microsoft Visual Studio Solution File, Format Version 12.00
# Visual Studio 15
VisualStudioVersion = 15.0.28307.421
MinimumVisualStudioVersion = 10.0.40219.1
Project("{FAE04EC0-301F-11D3-BF4B-00C04F79EFBC}") = "Calculator", "Calculator\Calculator.csproj", "{8DDF3F8B-6966-4A88-BD72-A3F4605B0C87}"
EndProject
Project("{FAE04EC0-301F-11D3-BF4B-00C04F79EFBC}") = "CalCulator.Tests", "CalCulator.Tests\CalCulator.Tests.csproj", "{546F9A0E-814A-43F4-8329-C88208469D33}"
EndProject
Global
	GlobalSection(SolutionConfigurationPlatforms) = preSolution
		Debug|Any CPU = Debug|Any CPU
		Release|Any CPU = Release|Any CPU
	EndGlobalSection
	GlobalSection(ProjectConfigurationPlatforms) = postSolution
		{8DDF3F8B-6966-4A88-BD72-A3F4605B0C87}.Debug|Any CPU.ActiveCfg = Debug|Any CPU
		{8DDF3F8B-6966-4A88-BD72-A3F4605B0C87}.Debug|Any CPU.Build.0 = Debug|Any CPU
		{8DDF3F8B-6966-4A88-BD72-A3F4605B0C87}.Release|Any CPU.ActiveCfg = Release|Any CPU
		{8DDF3F8B-6966-4A88-BD72-A3F4605B0C87}.Release|Any CPU.Build.0 = Release|Any CPU
		{546F9A0E-814A-43F4-8329-C88208469D33}.Debug|Any CPU.ActiveCfg = Debug|Any CPU
		{546F9A0E-814A-43F4-8329-C88208469D33}.Debug|Any CPU.Build.0 = Debug|Any CPU
		{546F9A0E-814A-43F4-8329-C88208469D33}.Release|Any CPU.ActiveCfg = Release|Any CPU
		{546F9A0E-814A-43F4-8329-C88208469D33}.Release|Any CPU.Build.0 = Release|Any CPU
	EndGlobalSection
	GlobalSection(SolutionProperties) = preSolution
		HideSolutionNode = FALSE
	EndGlobalSection
	GlobalSection(ExtensibilityGlobals) = postSolution
		SolutionGuid = {82599001-B5BC-4380-90AB-7718787E7323}
	EndGlobalSection
EndGlobal
